PODS:
  - JWInfiniteCycleView (0.1.2)

DEPENDENCIES:
  - JWInfiniteCycleView (from `../`)

EXTERNAL SOURCES:
  JWInfiniteCycleView:
    :path: "../"

SPEC CHECKSUMS:
  JWInfiniteCycleView: a14835896794be59408ba6d732aac947b87d92d9

PODFILE CHECKSUM: 6e0f3677d54a12cf231e656048fbaa47c2d4933f

COCOAPODS: 1.5.3
